
Microsoft Visual Studio Solution File, Format Version 12.00
# Visual Studio Version 17
VisualStudioVersion = 17.7.34031.279
MinimumVisualStudioVersion = 10.0.40219.1
Project("{8BC9CEB8-8B4A-11D0-8D11-00A0C91BC942}") = "EjerciciosRepasoFunciones", "EjerciciosRepasoFunciones\EjerciciosRepasoFunciones.vcxproj", "{D1981C1E-D098-4931-AE1B-CE18498DD4D5}"
EndProject
Global
	GlobalSection(SolutionConfigurationPlatforms) = preSolution
		Debug|x64 = Debug|x64
		Debug|x86 = Debug|x86
		Release|x64 = Release|x64
		Release|x86 = Release|x86
	EndGlobalSection
	GlobalSection(ProjectConfigurationPlatforms) = postSolution
		{D1981C1E-D098-4931-AE1B-CE18498DD4D5}.Debug|x64.ActiveCfg = Debug|x64
		{D1981C1E-D098-4931-AE1B-CE18498DD4D5}.Debug|x64.Build.0 = Debug|x64
		{D1981C1E-D098-4931-AE1B-CE18498DD4D5}.Debug|x86.ActiveCfg = Debug|Win32
		{D1981C1E-D098-4931-AE1B-CE18498DD4D5}.Debug|x86.Build.0 = Debug|Win32
		{D1981C1E-D098-4931-AE1B-CE18498DD4D5}.Release|x64.ActiveCfg = Release|x64
		{D1981C1E-D098-4931-AE1B-CE18498DD4D5}.Release|x64.Build.0 = Release|x64
		{D1981C1E-D098-4931-AE1B-CE18498DD4D5}.Release|x86.ActiveCfg = Release|Win32
		{D1981C1E-D098-4931-AE1B-CE18498DD4D5}.Release|x86.Build.0 = Release|Win32
	EndGlobalSection
	GlobalSection(SolutionProperties) = preSolution
		HideSolutionNode = FALSE
	EndGlobalSection
	GlobalSection(ExtensibilityGlobals) = postSolution
		SolutionGuid = {A52706D0-6F0F-4ED8-8C91-74967AE4DCCF}
	EndGlobalSection
EndGlobal
